{
  "version": 2,
  "dependencies": {
    "net10.0": {
      "AutoFixture.Xunit3": {
        "type": "Direct",
        "requested": "[5.0.0-preview0012, )",
        "resolved": "5.0.0-preview0012",
        "contentHash": "8YRv0PaWibR9ZztJYqq+a+G+7O5+1Y0IqrOplMAsFEXU2QCc9YPwFb/F5E2gfKkapSkfikZKjujCTryFN17UXQ==",
        "dependencies": {
          "AutoFixture": "5.0.0-preview0012",
          "xunit.v3.extensibility.core": "1.0.0"
        }
      },
      "FastEndpoints.Testing": {
        "type": "Direct",
        "requested": "[8.2.0, )",
        "resolved": "8.2.0",
        "contentHash": "pFYRY2i7Lefwni6ySvZFhK9LNYa/5gvSEpXVd11VFKIay5TVspMHBtqB1L+/pU1o1ek2/WY7MjOwv0l2h098uw==",
        "dependencies": {
          "Bogus": "35.6.5",
          "Microsoft.AspNetCore.Mvc.Testing": "10.0.9",
          "xunit.v3.extensibility.core": "3.2.2"
        }
      },
      "Microsoft.Data.SqlClient": {
        "type": "Direct",
        "requested": "[7.0.2, )",
        "resolved": "7.0.2",
        "contentHash": "zwv76lANFQQI6Gmp6ntkzMWIWVqm8Wf4Mz00AeGCk1n8HCi5afi6bNynSe18uI0xeL0n6J+Myjk9AiIsL5oSqw==",
        "dependencies": {
          "Microsoft.Bcl.Cryptography": "9.0.13",
          "Microsoft.Data.SqlClient.Extensions.Abstractions": "[7.0.2, 8.0.0)",
          "Microsoft.Data.SqlClient.Internal.Logging": "[7.0.2, 8.0.0)",
          "Microsoft.Data.SqlClient.SNI.runtime": "[6.0.2, 7.0.0)",
          "Microsoft.IdentityModel.JsonWebTokens": "8.16.0",
          "Microsoft.IdentityModel.Protocols.OpenIdConnect": "8.16.0",
          "Microsoft.SqlServer.Server": "[1.0.0, 2.0.0)",
          "System.Configuration.ConfigurationManager": "9.0.13",
          "System.Security.Cryptography.Pkcs": "9.0.13"
        }
      },
      "Microsoft.EntityFrameworkCore": {
        "type": "Direct",
        "requested": "[10.0.9, )",
        "resolved": "10.0.9",
        "contentHash": "tu85SRzOT021V7EQlViCiAE7TqldVn469Y6lt5TEn/+XC4/MeNCHgMRSxqYuWqvF4zAQZUhCmtNEZuM3ss4LeA==",
        "dependencies": {
          "Microsoft.EntityFrameworkCore.Abstractions": "10.0.9",
          "Microsoft.EntityFrameworkCore.Analyzers": "10.0.9"
        }
      },
      "Neolution.CodeAnalysis": {
        "type": "Direct",
        "requested": "[3.3.0-beta.2, )",
        "resolved": "3.3.0-beta.2",
        "contentHash": "88mG4f4P16K4Ql3uTqeaoeXGJLNMReFh9z3ZKmKZ0bY4RTk4z4syjuF/TefouGM2hR+mcBSdWbAtsKT/+FowlA==",
        "dependencies": {
          "SonarAnalyzer.CSharp": "9.32.0.97167",
          "StyleCop.Analyzers.Unstable": "1.2.0.556"
        }
      },
      "Shouldly": {
        "type": "Direct",
        "requested": "[4.3.0, )",
        "resolved": "4.3.0",
        "contentHash": "sDetrWXrl6YXZ4HeLsdBoNk3uIa7K+V4uvIJ+cqdRa5DrFxeTED7VkjoxCuU1kJWpUuBDZz2QXFzSxBtVXLwRQ==",
        "dependencies": {
          "DiffEngine": "11.3.0",
          "EmptyFiles": "4.4.0"
        }
      },
      "Testcontainers.MsSql": {
        "type": "Direct",
        "requested": "[4.13.0, )",
        "resolved": "4.13.0",
        "contentHash": "TAUNJBgO5WjArP7VW2EpkRm9ZQYlBEN65r2TQF80fJJAsQb9o/thrVmCwuPfZ1/EtABJS5LbgUclefPMkLWGEA==",
        "dependencies": {
          "Testcontainers": "4.13.0"
        }
      },
      "WireMock.Net.Testcontainers": {
        "type": "Direct",
        "requested": "[2.12.0, )",
        "resolved": "2.12.0",
        "contentHash": "xrxp0eVq73g5F8DN+7r86+yC+kd/Ngcc4+NsetPQ7rnpWVYVqSV9J3pi3YaCDQJQ2QJBVXoASoK8tutiwyvtRw==",
        "dependencies": {
          "Stef.Validation": "0.3.0",
          "Testcontainers": "4.12.0",
          "WireMock.Net.RestClient": "2.12.0"
        }
      },
      "Audit.EntityFramework.Abstractions": {
        "type": "Transitive",
        "resolved": "32.2.0",
        "contentHash": "hLiiQlOQJ0Ak3sUMnDvPTuC/8LjX6QqhtrJ/revchZJodzwKhzqMxZW5hRuQYVyJyjhP43Ztm4cKUIveX61bIQ=="
      },
      "AutoFixture": {
        "type": "Transitive",
        "resolved": "5.0.0-preview0012",
        "contentHash": "VVvNRW2rpZOXMg7+YfIBObhC26ScD/vIcV0MVd8u32dSndzlGjcsX1clus+MDpCbkHf4fJ5aULWJ6y7ueu7Ijg==",
        "dependencies": {
          "Fare": "[2.2.1, 3.0.0)",
          "System.ComponentModel.Annotations": "4.4.0"
        }
      },
      "Azure.Core": {
        "type": "Transitive",
        "resolved": "1.38.0",
        "contentHash": "IuEgCoVA0ef7E4pQtpC3+TkPbzaoQfa77HlfJDmfuaJUCVJmn7fT0izamZiryW5sYUFKizsftIxMkXKbgIcPMQ==",
        "dependencies": {
          "Microsoft.Bcl.AsyncInterfaces": "1.1.1",
          "System.ClientModel": "1.0.0",
          "System.Memory.Data": "1.0.2"
        }
      },
      "Azure.Identity": {
        "type": "Transitive",
        "resolved": "1.11.4",
        "contentHash": "Sf4BoE6Q3jTgFkgBkx7qztYOFELBCo+wQgpYDwal/qJ1unBH73ywPztIJKXBXORRzAeNijsuxhk94h0TIMvfYg==",
        "dependencies": {
          "Azure.Core": "1.38.0",
          "Microsoft.Identity.Client": "4.61.3",
          "Microsoft.Identity.Client.Extensions.Msal": "4.61.3",
          "System.Security.Cryptography.ProtectedData": "4.7.0"
        }
      },
      "Bogus": {
        "type": "Transitive",
        "resolved": "35.6.5",
        "contentHash": "2FGZn+aAVHjmCgClgmGkTDBVZk0zkLvAKGaxEf5JL6b3i9JbHTE4wnuY4vHCuzlCmJdU6VZjgDfHwmYkQF8VAA=="
      },
      "BouncyCastle.Cryptography": {
        "type": "Transitive",
        "resolved": "2.6.2",
        "contentHash": "7oWOcvnntmMKNzDLsdxAYqApt+AjpRpP2CShjMfIa3umZ42UQMvH0tl1qAliYPNYO6vTdcGMqnRrCPmsfzTI1w=="
      },
      "ClosedXML.Parser": {
        "type": "Transitive",
        "resolved": "2.0.0",
        "contentHash": "ngTqjYreDYNytG1W5d3ewHsw0ukmmrgV7EKnS4/40rXoYZGt07jrBvo+N+GxT49rcageUMUiprV0jYT4nwVBHQ=="
      },
      "DiffEngine": {
        "type": "Transitive",
        "resolved": "11.3.0",
        "contentHash": "k0ZgZqd09jLZQjR8FyQbSQE86Q7QZnjEzq1LPHtj1R2AoWO8sjV5x+jlSisL7NZAbUOI4y+7Bog8gkr9WIRBGw==",
        "dependencies": {
          "EmptyFiles": "4.4.0",
          "System.Management": "6.0.1"
        }
      },
      "Docker.DotNet.Enhanced": {
        "type": "Transitive",
        "resolved": "4.3.3",
        "contentHash": "nGicLwvd42FhRk+khY5uS6cx49ErNdwYKnYBg0F4m4BDKLp/R77AVmmN9xAiqI3W/wN5ZCHkdUhgxf5ORkZuFQ==",
        "dependencies": {
          "Docker.DotNet.Enhanced.Handler.Abstractions": "4.3.3",
          "Docker.DotNet.Enhanced.LegacyHttp": "4.3.3",
          "Docker.DotNet.Enhanced.NPipe": "4.3.3",
          "Docker.DotNet.Enhanced.NativeHttp": "4.3.3",
          "Docker.DotNet.Enhanced.Unix": "4.3.3"
        }
      },
      "Docker.DotNet.Enhanced.Handler.Abstractions": {
        "type": "Transitive",
        "resolved": "4.3.3",
        "contentHash": "9Cp8hOgtynixcDoAs9lnEaQosluojSYmiW3fsLsLIVfZjlq/fznSIZNUhnmyT4Xo1Iyuok/y49WL/25O47u0Pw=="
      },
      "Docker.DotNet.Enhanced.LegacyHttp": {
        "type": "Transitive",
        "resolved": "4.3.3",
        "contentHash": "7j3M16emv9PAQN7VwFn23xLYNj8GJmwPOcogveHkaWnOCqiC+anRaNKQwqIBNApM1AuwZKivehTKTPmmrjUUnw==",
        "dependencies": {
          "Docker.DotNet.Enhanced.Handler.Abstractions": "4.3.3"
        }
      },
      "Docker.DotNet.Enhanced.NativeHttp": {
        "type": "Transitive",
        "resolved": "4.3.3",
        "contentHash": "iNzK+jRFeEMobSA7l/h4ARwCKOOefOWtVN5/RB0ft6/6H6IQXvVUuOgGyZAjYLBT7TsyClRYno2B904f3dtBuQ==",
        "dependencies": {
          "Docker.DotNet.Enhanced.Handler.Abstractions": "4.3.3"
        }
      },
      "Docker.DotNet.Enhanced.NPipe": {
        "type": "Transitive",
        "resolved": "4.3.3",
        "contentHash": "ZTLYufuEfY0e6qLOgeH9QgXx2KYuoABRVaY5A8rsggyLgYqbDj9rCRfVAhHPCUv83S7pVxDHy+Tvm/BnxjWVpg==",
        "dependencies": {
          "Docker.DotNet.Enhanced.Handler.Abstractions": "4.3.3"
        }
      },
      "Docker.DotNet.Enhanced.Unix": {
        "type": "Transitive",
        "resolved": "4.3.3",
        "contentHash": "ypo8qNbmvHw1t9VfpRTMogCw2vht6VjkXzlGYUUeP2H2bf83USURdla1maW1njn2oq2rfLUFOGMfmt+A37QU2w==",
        "dependencies": {
          "Docker.DotNet.Enhanced.Handler.Abstractions": "4.3.3"
        }
      },
      "Docker.DotNet.Enhanced.X509": {
        "type": "Transitive",
        "resolved": "4.3.3",
        "contentHash": "oBDibWezEv4hgj3RIQxI3DVcxkNV1MdrD0d/jhjUu+h3DL+qc0wlkQva15kkwMatXmC/hWp1VP0DMoFXe+BmEw==",
        "dependencies": {
          "Docker.DotNet.Enhanced.Handler.Abstractions": "4.3.3"
        }
      },
      "DocumentFormat.OpenXml": {
        "type": "Transitive",
        "resolved": "3.1.1",
        "contentHash": "2z9QBzeTLNNKWM9SaOSDMegfQk/7hDuElOsmF77pKZMkFRP/GHA/W/4yOAQD9kn15N/FsFxHn3QVYkatuZghiA==",
        "dependencies": {
          "DocumentFormat.OpenXml.Framework": "3.1.1"
        }
      },
      "DocumentFormat.OpenXml.Framework": {
        "type": "Transitive",
        "resolved": "3.1.1",
        "contentHash": "6APEp/ElZV58S/4v8mf4Ke3ONEDORs64MqdD64Z7wWpcHANB9oovQsGIwtqjnKihulOj7T0a6IxHIHOfMqKOng==",
        "dependencies": {
          "System.IO.Packaging": "8.0.1"
        }
      },
      "EmptyFiles": {
        "type": "Transitive",
        "resolved": "4.4.0",
        "contentHash": "gwJEfIGS7FhykvtZoscwXj/XwW+mJY6UbAZk+qtLKFUGWC95kfKXnj8VkxsZQnWBxJemM/q664rGLN5nf+OHZw=="
      },
      "ExcelNumberFormat": {
        "type": "Transitive",
        "resolved": "1.1.0",
        "contentHash": "R3BVHPs9O+RkExbZYTGT0+9HLbi8ZrNij1Yziyw6znd3J7P3uoIR07uwTLGOogtz1p6+0sna66eBoXu7tBiVQA=="
      },
      "Fare": {
        "type": "Transitive",
        "resolved": "2.2.1",
        "contentHash": "21XZo/yuXK1k0EUhdLnjgRD4n0HQYmPFchV6uaORcRc65rasZ1vdm2dmJXPBKZiIBztRRYRmmg/B76W721VWkA=="
      },
      "FastEndpoints.Attributes": {
        "type": "Transitive",
        "resolved": "8.2.0",
        "contentHash": "ni128Yjqk5cAYTvkHqWvhCoFIDqUNstnNd7SljUKr3m8UdLDcZCUKy0lKe9W8R8KLTEdzwk0nufeZDb3MxAaDg=="
      },
      "FastEndpoints.Core": {
        "type": "Transitive",
        "resolved": "8.2.0",
        "contentHash": "jYC2hFYyH0Yfiv6ykR4SgctGu0Y1cx7gpiScRmdubepzGvPRysbNVNeysAKFg18ZP0PGXUharea3kcEAnJn8Iw=="
      },
      "FastEndpoints.JobQueues": {
        "type": "Transitive",
        "resolved": "8.2.0",
        "contentHash": "2ZhXE0Ghq+/TqsMP/3uy+XiT4FZRZ6+IFvnDfl+roSlhkgAO30g0SYob0eX3pEr93+KtT1trDSG2H+5rZHMTmA==",
        "dependencies": {
          "FastEndpoints.Messaging": "8.2.0"
        }
      },
      "FastEndpoints.Messaging": {
        "type": "Transitive",
        "resolved": "8.2.0",
        "contentHash": "5gyFV0GxY88WxxJZX4A+wY0a+wTpoloyyG+egJTiwZh9JrnDXgdMSKMzBf7ePi8vJUoGrVhcrJS4B+ThmUItqA==",
        "dependencies": {
          "FastEndpoints.Core": "8.2.0",
          "FastEndpoints.Messaging.Core": "8.2.0"
        }
      },
      "FastEndpoints.Messaging.Core": {
        "type": "Transitive",
        "resolved": "8.2.0",
        "contentHash": "ubGKGIzdSos62ECTNkkPcHubBem7Nbi7T1+f+h6uHhZblwW56SOxeSzQMA3C7/2qIs94bVnlT0bFphcEewH4BQ=="
      },
      "Foundatio": {
        "type": "Transitive",
        "resolved": "12.0.0",
        "contentHash": "XVvlYLJqT6NPGcZOQCmJOtHC5KI7B1u7wcgGhp6q0SAZzUZHnZBJ4jvpodIFgh1pyFnLk8flzwvXwSp+ECHdTA==",
        "dependencies": {
          "Microsoft.Bcl.AsyncInterfaces": "8.0.0",
          "Microsoft.Bcl.TimeProvider": "8.0.0"
        }
      },
      "Foundatio.MessagePack": {
        "type": "Transitive",
        "resolved": "12.0.0",
        "contentHash": "51/svJj02c9SloUnwlZGyVyda84KK8GCoj7uhauhggSC2Afn7GEglpjcsd31qPl+PPkQSNTo8crbyvtNIRX/gw==",
        "dependencies": {
          "Foundatio": "12.0.0",
          "MessagePack": "3.1.4"
        }
      },
      "Google.Api.CommonProtos": {
        "type": "Transitive",
        "resolved": "2.7.0",
        "contentHash": "Wpg4yRGJxX8FE3Ife+Gsj556MDHuki4KqVlZ1jOvvFX6yianI/hbScgvGUlteM9uu7vzbfCyKLc0Sv5/53M3hg==",
        "dependencies": {
          "Google.Protobuf": "[3.21.0, 4.0.0)"
        }
      },
      "Google.Api.Gax": {
        "type": "Transitive",
        "resolved": "4.3.0",
        "contentHash": "gLJt1aHvLtU9jXlAavEUqF5RaobdgYXA+0b+gkhc0/pIylSztv5dK9Q7Uq+IyMXFzLMFkSEI++4DFeyYjuR1Bg==",
        "dependencies": {
          "Microsoft.Bcl.AsyncInterfaces": "6.0.0",
          "Newtonsoft.Json": "13.0.2"
        }
      },
      "Google.Api.Gax.Grpc": {
        "type": "Transitive",
        "resolved": "4.3.0",
        "contentHash": "es+vstTeaNHHQzV+RKQJJxvlls6kWOaKH3FUW39TvfT5/e6Fy5r/xeCGnOzidI6dwn6tw7Q4pupylyLYqIJg/w==",
        "dependencies": {
          "Google.Api.CommonProtos": "2.7.0",
          "Google.Api.Gax": "4.3.0",
          "Google.Apis.Auth": "[1.58.0, 2.0.0)",
          "Grpc.Auth": "[2.51.0, 3.0.0)",
          "Grpc.Core.Api": "[2.51.0, 3.0.0)",
          "Grpc.Net.Client": "[2.51.0, 3.0.0)"
        }
      },
      "Google.Apis": {
        "type": "Transitive",
        "resolved": "1.58.0",
        "contentHash": "OFIWLMbxL096T6L3b0cQLSQGAxRZWIZLNkjZtaYUQ5exz67aW7+Sd+OQnzdFGrV0yyTNlMOy+j6AqmdsenJHXA==",
        "dependencies": {
          "Google.Apis.Core": "1.58.0"
        }
      },
      "Google.Apis.Auth": {
        "type": "Transitive",
        "resolved": "1.58.0",
        "contentHash": "8HAVH23c/O6ODdpedkw/2B3VqG4YKEMk0v0Sb6tEz7GRaiqGwdMntytr7iez0iFvCFDA5SkHnYDCNCIztnSMhA==",
        "dependencies": {
          "Google.Apis": "1.58.0",
          "Google.Apis.Core": "1.58.0"
        }
      },
      "Google.Apis.Core": {
        "type": "Transitive",
        "resolved": "1.58.0",
        "contentHash": "e1QpJz6hMuxN7Whm9ORl98dV9/6kM4UC+zNHGFO/S7OVV4wglFkix9DMidzdEmo3AGrs9KZSk69N+rYHJKqn+A==",
        "dependencies": {
          "Newtonsoft.Json": "13.0.2"
        }
      },
      "Google.Cloud.Iam.V1": {
        "type": "Transitive",
        "resolved": "3.0.0",
        "contentHash": "uZI2PbIj6njiW7dAdlbyGtAFO3oRPXa1o90w9p+aWcuOGTZPJkEShGATcGVXIXtdnQ+pXLfnXhreiRgkgkyx4Q==",
        "dependencies": {
          "Google.Api.Gax.Grpc": "[4.0.0, 5.0.0)"
        }
      },
      "Google.Cloud.SecretManager.V1": {
        "type": "Transitive",
        "resolved": "2.1.0",
        "contentHash": "UUvvC7oHmYg7VCeP1iOJrgXFqSJb53Mnw76/puwlUQxZfo6L+N+7V5BVr2XHZo90SO7LvH8wbGCX/1iv5xT6NA==",
        "dependencies": {
          "Google.Api.Gax.Grpc": "[4.3.0, 5.0.0)",
          "Google.Cloud.Iam.V1": "[3.0.0, 4.0.0)"
        }
      },
      "Google.Protobuf": {
        "type": "Transitive",
        "resolved": "3.21.0",
        "contentHash": "LKtDRauLeBFzwhK7JKpzvyNCvIxYRPX9mHjeuTj3gtG9F6JnSVqF1X2h+UZnQB47Ihi4+EipvbU1fEG7XNa30A=="
      },
      "Grpc.Auth": {
        "type": "Transitive",
        "resolved": "2.51.0",
        "contentHash": "VYWlTq9xYvPpOAu2ISYQdgU3Qx6/h+iKjjmhGHBU1LvqsFAof0dYgIMqib69JjayI6les0qryPGu5Z5V5UNkfQ==",
        "dependencies": {
          "Google.Apis.Auth": "1.46.0",
          "Grpc.Core.Api": "2.51.0"
        }
      },
      "Grpc.Core.Api": {
        "type": "Transitive",
        "resolved": "2.51.0",
        "contentHash": "WUYCnxZKfdBWCKNs08lWFRoTjESt3iyFDthsZu5KcWguZ4OnnXrTu/K5mIdO+R9dUhuw5Xm1ygUrI1e2q8d1YA=="
      },
      "Grpc.Net.Client": {
        "type": "Transitive",
        "resolved": "2.51.0",
        "contentHash": "6XybyqUGn5+8UTMRKAfbM+aXagR3qxHROIEeFyul5gvh/dF3UqpnpnTkcRKIae4n5+Bt8j1J1VdNqYyEvYoYyg==",
        "dependencies": {
          "Grpc.Net.Common": "2.51.0"
        }
      },
      "Grpc.Net.Common": {
        "type": "Transitive",
        "resolved": "2.51.0",
        "contentHash": "lAymSKjOHFopWt7RAF/Rxkf7SKGZaj+tJdabcnobm6XkdHX1zIQdkByeqIwmJesDbbCTpLEae6oSrn4eWWE9TQ==",
        "dependencies": {
          "Grpc.Core.Api": "2.51.0"
        }
      },
      "JsonConverter.Abstractions": {
        "type": "Transitive",
        "resolved": "0.13.0",
        "contentHash": "Ci3nuKx3GgMDfW9JA4dJpU+hJV5G1ve72mploQP8ivSDpOmo2QbfVAQkxsVzb3UQJCgwxxM6rdE/fPXwM0yj0g=="
      },
      "JsonConverter.Newtonsoft.Json": {
        "type": "Transitive",
        "resolved": "0.13.0",
        "contentHash": "K6doeW12emLiJV4laUf58y3kkjng6/IARRtC7+20qIOBrP1pBxGRsjz2IfxCgSBkTML3q6FWe7O+/UE374lsaA==",
        "dependencies": {
          "JsonConverter.Abstractions": "0.13.0",
          "Newtonsoft.Json": "13.0.4",
          "Stef.Validation": "0.1.1"
        }
      },
      "MessagePack": {
        "type": "Transitive",
        "resolved": "3.1.4",
        "contentHash": "BH0wlHWmVoZpbAPyyt2Awbq30C+ZsS3eHSkYdnyUAbqVJ22fAJDzn2xTieBeoT5QlcBzp61vHcv878YJGfi3mg==",
        "dependencies": {
          "MessagePack.Annotations": "3.1.4",
          "MessagePackAnalyzer": "3.1.4",
          "Microsoft.NET.StringTools": "17.11.4"
        }
      },
      "MessagePack.Annotations": {
        "type": "Transitive",
        "resolved": "3.1.4",
        "contentHash": "aVWrDAkCdqxwQsz/q0ldPh2EFn48M99YUzE9OvZjMq2RNLKz4o2z88iGFvSvbMqOWRweRvKPHBJZe22PRqzslQ=="
      },
      "MessagePackAnalyzer": {
        "type": "Transitive",
        "resolved": "3.1.4",
        "contentHash": "CTaSsN/liJ7MhLCAB7Z4ZLBNuVGCq9lt2BT/cbrc9vzGv89yK3CqIA+z9T19a11eQYl9etZHL6MQJgCqECRVpg=="
      },
      "Microsoft.ApplicationInsights": {
        "type": "Transitive",
        "resolved": "2.23.0",
        "contentHash": "nWArUZTdU7iqZLycLKWe0TDms48KKGE6pONH2terYNa8REXiqixrMOkf1sk5DHGMaUTqONU2YkS4SAXBhLStgw=="
      },
      "Microsoft.ApplicationInsights.DependencyCollector": {
        "type": "Transitive",
        "resolved": "2.23.0",
        "contentHash": "9YRdl9SNbTxd4AafJckyoJLr5gJdnvqFivjo+PY0lQTPEncPB+z3ZABG4iDfxN9HI1aLqyRINr1/7de9Wg8ZuQ==",
        "dependencies": {
          "Microsoft.ApplicationInsights": "2.23.0"
        }
      },
      "Microsoft.ApplicationInsights.EventCounterCollector": {
        "type": "Transitive",
        "resolved": "2.23.0",
        "contentHash": "gGt0JPw2dcSeIAIefyORJBdeMz8KgAFIktu8HV/NwkiGmLyw+YtifLm6B5gvGxO15AeMsGPbmvWEIvLfq88XPw==",
        "dependencies": {
          "Microsoft.ApplicationInsights": "2.23.0"
        }
      },
      "Microsoft.ApplicationInsights.PerfCounterCollector": {
        "type": "Transitive",
        "resolved": "2.23.0",
        "contentHash": "q9ApjZfBS9O8m3aQM2oVjsGBmlE8BCFywT7UR+8aqdNuz7HpoIxw4jHy0XOBergiFX/olrJF4OyPkGxc3H5JHg==",
        "dependencies": {
          "Microsoft.ApplicationInsights": "2.23.0",
          "System.Diagnostics.PerformanceCounter": "6.0.0"
        }
      },
      "Microsoft.ApplicationInsights.WindowsServer": {
        "type": "Transitive",
        "resolved": "2.23.0",
        "contentHash": "2B8CGfnB/tribkQAqRBhMvJYJK5TkEPMG/BB0QrlxdwVGEufayNLMveXjkQCqld9arXd6wKR1ve2XmkA0+xXKQ==",
        "dependencies": {
          "Microsoft.ApplicationInsights": "2.23.0",
          "Microsoft.ApplicationInsights.DependencyCollector": "2.23.0",
          "Microsoft.ApplicationInsights.PerfCounterCollector": "2.23.0",
          "Microsoft.ApplicationInsights.WindowsServer.TelemetryChannel": "2.23.0"
        }
      },
      "Microsoft.ApplicationInsights.WindowsServer.TelemetryChannel": {
        "type": "Transitive",
        "resolved": "2.23.0",
        "contentHash": "798Dudr4tkujslk1w+XcXOcCErmVsk+nhp+QCHLa3lcgi25vkAxBmzPUeQlRJVCNL/1f4x/YF+vQZ8RSuTXWCw==",
        "dependencies": {
          "Microsoft.ApplicationInsights": "2.23.0",
          "System.IO.FileSystem.AccessControl": "4.7.0"
        }
      },
      "Microsoft.AspNetCore.Mvc.Testing": {
        "type": "Transitive",
        "resolved": "10.0.9",
        "contentHash": "Mt+5CtYz+xmog1S1TJt2owVKU8YquZtNy9bmO+kfrrtjEDZPzCw1qZ7o97PLpIEpt3yy4F5YdAUh9nKPm0CX5Q==",
        "dependencies": {
          "Microsoft.AspNetCore.TestHost": "10.0.9",
          "Microsoft.Extensions.DependencyModel": "10.0.9"
        }
      },
      "Microsoft.AspNetCore.TestHost": {
        "type": "Transitive",
        "resolved": "10.0.9",
        "contentHash": "mR4y30XFsVbn7EwV3Ic5/KMBO5QGwukTJE2ztGmpAST5ACX+Z+9r+Y6D1eibJojsOIW5KHpM4myo9/aRALJOyg=="
      },
      "Microsoft.Bcl.AsyncInterfaces": {
        "type": "Transitive",
        "resolved": "8.0.0",
        "contentHash": "3WA9q9yVqJp222P3x1wYIGDAkpjAku0TMUaaQV22g6L67AI0LdOIrVS7Ht2vJfLHGSPVuqN94vIr15qn+HEkHw=="
      },
      "Microsoft.Bcl.Cryptography": {
        "type": "Transitive",
        "resolved": "9.0.13",
        "contentHash": "5T+bH3Lb1nEe8Hf/ixMxLmhlrx5wRi53wv7OhVwG2F1ZviW1ejFRS1NHur3uqPpJRGtkQwUchtY6zhVK2R+v+w=="
      },
      "Microsoft.Bcl.TimeProvider": {
        "type": "Transitive",
        "resolved": "8.0.0",
        "contentHash": "f5Kr5JepAbiGo7uDmhgvMqhntwxqXNn6/IpTBSSI4cuHhgnJGrLxFRhMjVpRkLPp6zJXO0/G0l3j9p9zSJxa+w=="
      },
      "Microsoft.Data.SqlClient.Extensions.Abstractions": {
        "type": "Transitive",
        "resolved": "7.0.2",
        "contentHash": "Zx7z61fG2Nc6LdDn4jA7b5Aj1ABrljkOPRE31RvVUdjF6IgbG60leDUhMCafsnWFgaheiK3iqpLe+kbf5Z5L8Q==",
        "dependencies": {
          "Microsoft.Data.SqlClient.Internal.Logging": "[7.0.2, 8.0.0)"
        }
      },
      "Microsoft.Data.SqlClient.Internal.Logging": {
        "type": "Transitive",
        "resolved": "7.0.2",
        "contentHash": "iqgYBbGSVy/DIYWjzmQOa964Kn4rs4wW5vg2IamqVK0fQqfTiILVR5hMK27XWqoyONtAZs+VxH354cPJBtSnbg=="
      },
      "Microsoft.Data.SqlClient.SNI.runtime": {
        "type": "Transitive",
        "resolved": "6.0.2",
        "contentHash": "f+pRODTWX7Y67jXO3T5S2dIPZ9qMJNySjlZT/TKmWVNWe19N8jcWmHaqHnnchaq3gxEKv1SWVY5EFzOD06l41w=="
      },
      "Microsoft.EntityFrameworkCore.Abstractions": {
        "type": "Transitive",
        "resolved": "10.0.9",
        "contentHash": "GRMaiPkqYna/gCsyDffYDWmefGPC3hDrdMw+2rrGcQwhs6uZOsaMQXMJnoXQ35tx9SkBV2ieRRU9N/jLOO6BZw=="
      },
      "Microsoft.EntityFrameworkCore.Analyzers": {
        "type": "Transitive",
        "resolved": "10.0.9",
        "contentHash": "aiEFB+C5EsZGqxvMPazE07hbWsp4iPaufJpanGt5O+lrwv7mJLrqma5haVIgFAPCyhQkmk75XSCEubT1zUjxtA=="
      },
      "Microsoft.EntityFrameworkCore.Relational": {
        "type": "Transitive",
        "resolved": "10.0.9",
        "contentHash": "dEoyYKgiaZHHgOFm1WMWm1sFEsEuhPWufX4L9PekKtqd/RaIcPjkCjvbrVvJtApErb5wPSJhYvnTlxhH+p9h2g==",
        "dependencies": {
          "Microsoft.EntityFrameworkCore": "10.0.9"
        }
      },
      "Microsoft.Extensions.DependencyModel": {
        "type": "Transitive",
        "resolved": "10.0.9",
        "contentHash": "SCDTQ6HubnRvTUjR7dgMKHZvNoCb03t44ttHL8trlFTGgfDteWn/0nRdOxDhcI+lTWhKgd/flCVJEtAOPhSLNg=="
      },
      "Microsoft.Extensions.Logging.ApplicationInsights": {
        "type": "Transitive",
        "resolved": "2.23.0",
        "contentHash": "JLEabPz445i1yRB0hKZVzJJE35QatRIzWlrMOiBQXr9kBJod0jkpkrBf94ln6kXu+jlEGohnXtuXacPPhybJDw==",
        "dependencies": {
          "Microsoft.ApplicationInsights": "2.23.0"
        }
      },
      "Microsoft.Identity.Client": {
        "type": "Transitive",
        "resolved": "4.61.3",
        "contentHash": "naJo/Qm35Caaoxp5utcw+R8eU8ZtLz2ALh8S+gkekOYQ1oazfCQMWVT4NJ/FnHzdIJlm8dMz0oMpMGCabx5odA==",
        "dependencies": {
          "Microsoft.IdentityModel.Abstractions": "6.35.0"
        }
      },
      "Microsoft.Identity.Client.Extensions.Msal": {
        "type": "Transitive",
        "resolved": "4.61.3",
        "contentHash": "PWnJcznrSGr25MN8ajlc2XIDW4zCFu0U6FkpaNLEWLgd1NgFCp5uDY3mqLDgM8zCN8hqj8yo5wHYfLB2HjcdGw==",
        "dependencies": {
          "Microsoft.Identity.Client": "4.61.3",
          "System.Security.Cryptography.ProtectedData": "4.5.0"
        }
      },
      "Microsoft.IdentityModel.Abstractions": {
        "type": "Transitive",
        "resolved": "8.16.0",
        "contentHash": "gSxKLWRZzBpIsEoeUPkxfywNCCvRvl7hkq146XHPk5vOQc9izSf1I+uL1vh4y2U19QPxd9Z8K/8AdWyxYz2lSg=="
      },
      "Microsoft.IdentityModel.JsonWebTokens": {
        "type": "Transitive",
        "resolved": "8.16.0",
        "contentHash": "prBU72cIP4V8E9fhN+o/YdskTsLeIcnKPbhZf0X6mD7fdxoZqnS/NdEkSr+9Zp+2q7OZBOMfNBKGbTbhXODO4w==",
        "dependencies": {
          "Microsoft.IdentityModel.Tokens": "8.16.0"
        }
      },
      "Microsoft.IdentityModel.Logging": {
        "type": "Transitive",
        "resolved": "8.16.0",
        "contentHash": "MTzXmETkNQPACR7/XCXM1OGM6oU9RkyibqeJRtO9Ndew2LnGjMf9Atqj2VSf4XC27X0FQycUAlzxxEgQMWn2xQ==",
        "dependencies": {
          "Microsoft.IdentityModel.Abstractions": "8.16.0"
        }
      },
      "Microsoft.IdentityModel.Protocols": {
        "type": "Transitive",
        "resolved": "8.16.0",
        "contentHash": "UFrU7d46UTsPQTa2HIEIpB9H1uJe1BW9FLw5uhEJ2ZuKdur8bcUA/bO5caq5dlBt5gNJeRIB3QQXYNs5fCQCZA==",
        "dependencies": {
          "Microsoft.IdentityModel.Tokens": "8.16.0"
        }
      },
      "Microsoft.IdentityModel.Protocols.OpenIdConnect": {
        "type": "Transitive",
        "resolved": "8.16.0",
        "contentHash": "h4yVXyJsEBBX5lg2G5ftMsi5JzcNEGAzrNphA6DQ6eOd8P0s+cDCOyPwVTYLePZvJL5unbPvYIvzrbTXzFjXnQ==",
        "dependencies": {
          "Microsoft.IdentityModel.Protocols": "8.16.0",
          "System.IdentityModel.Tokens.Jwt": "8.16.0"
        }
      },
      "Microsoft.IdentityModel.Tokens": {
        "type": "Transitive",
        "resolved": "8.16.0",
        "contentHash": "rtViGJcGsN7WcfUNErwNeQgjuU5cJNl6FDQsfi9TncwO+Epzn0FTfBsg3YuFW1Q0Ch/KPxaVdjLw3/+5Z5ceFQ==",
        "dependencies": {
          "Microsoft.IdentityModel.Logging": "8.16.0"
        }
      },
      "Microsoft.NET.StringTools": {
        "type": "Transitive",
        "resolved": "17.11.4",
        "contentHash": "mudqUHhNpeqIdJoUx2YDWZO/I9uEDYVowan89R6wsomfnUJQk6HteoQTlNjZDixhT2B4IXMkMtgZtoceIjLRmA=="
      },
      "Microsoft.SqlServer.Server": {
        "type": "Transitive",
        "resolved": "1.0.0",
        "contentHash": "N4KeF3cpcm1PUHym1RmakkzfkEv3GRMyofVv40uXsQhCQeglr2OHNcUk2WOG51AKpGO8ynGpo9M/kFXSzghwug=="
      },
      "Namotion.Reflection": {
        "type": "Transitive",
        "resolved": "3.5.0",
        "contentHash": "FnASiAaTGSmB4SaSroIwnK4ph9noFIXZpPOMezDqWw5S/TNakzSnawPeM7u0Auq1/EqJXeqG4s6UjfrGBH33Ow=="
      },
      "Neolution.Extensions.Caching.Abstractions": {
        "type": "Transitive",
        "resolved": "3.0.0-vnext0017",
        "contentHash": "vApIYAjepxuCHp8CqB0fPO7YHbZcLxSTfAbcZpcGkdltNmyMPWnRWtUiXpOKgdZU0WXea1ksKD1W2SMRHIM1kg=="
      },
      "Newtonsoft.Json": {
        "type": "Transitive",
        "resolved": "13.0.4",
        "contentHash": "pdgNNMai3zv51W5aq268sujXUyx7SNdE2bj1wZcWjAQrKMFZV260lbqYop1d2GM67JI1huLRwxo9ZqnfF/lC6A=="
      },
      "NJsonSchema": {
        "type": "Transitive",
        "resolved": "11.6.1",
        "contentHash": "miqvNY4OSXCWVqaMqt0A8VUkij0UH1oPosHMLP+t6/nWNSSzWDPmm7G2DjVW7M9evy0x5DE2pS/DDTtKCpbzSQ==",
        "dependencies": {
          "NJsonSchema.Annotations": "11.6.1",
          "Namotion.Reflection": "3.5.0",
          "Newtonsoft.Json": "13.0.3"
        }
      },
      "NJsonSchema.Annotations": {
        "type": "Transitive",
        "resolved": "11.6.1",
        "contentHash": "WA4z8iK+0SOh2/qoo7rtEanj/LjJZ8oWWoXI8u1xcYMk6VzHONqpabJBYGrzqDO41ld+VQHOFL+B8MXncIVSSA=="
      },
      "NJsonSchema.NewtonsoftJson": {
        "type": "Transitive",
        "resolved": "11.6.1",
        "contentHash": "yuGwViKjNT7BAosX1UAl2asAczupUS0v1IZ0/cO5UXonhjUgE1LmAjAMqHjpbaXiDM+HrQIkJh3bv/2faY2aJg==",
        "dependencies": {
          "NJsonSchema": "11.6.1",
          "Newtonsoft.Json": "13.0.3"
        }
      },
      "NJsonSchema.Yaml": {
        "type": "Transitive",
        "resolved": "11.6.1",
        "contentHash": "3jH3tupVurenoO+bnp9BWR5G46caNqXSWSMGuwb403F7a9vkO13LycuyjD9ohpZHI9crFY8EUWco+pL7eTUxdg==",
        "dependencies": {
          "NJsonSchema": "11.6.1",
          "YamlDotNet": "16.3.0"
        }
      },
      "NLog": {
        "type": "Transitive",
        "resolved": "6.1.4",
        "contentHash": "ft6Lv17uoFuHTGWiY47FEXH7VA5HMHp973zodaOZAJyFg6mHL9RdXjqdNkRJXFo5plQJR+LPt5e6aAZU8KSDog=="
      },
      "NLog.Extensions.Logging": {
        "type": "Transitive",
        "resolved": "6.1.4",
        "contentHash": "gDJjgF9LjG1Zsy3o/3BVUk5gFcCozYzrzKTZjcnE43FghchoQ9Xi4ra2dGEU+ftJf9oM0Kzs06y1r2SjfhDBGQ==",
        "dependencies": {
          "NLog": "6.1.4"
        }
      },
      "NSwag.Annotations": {
        "type": "Transitive",
        "resolved": "14.7.1",
        "contentHash": "4McUe39+UXcJc0fk+ZfUy87cy3Myh89/EaGgQwnBKKUsNMc5WEbP+TVk0ByHKGQf9hoO9ouaOGCGeJD0EVQkjg=="
      },
      "NSwag.AspNetCore": {
        "type": "Transitive",
        "resolved": "14.7.1",
        "contentHash": "dL25k8teUyyCDsfRRzezRE++yruSLmsPuGwyl6cHBJQa+ivp0MgQ20VONJ33wzHHLediMTW6X18hKu8qP2Vbmg==",
        "dependencies": {
          "NJsonSchema": "11.6.1",
          "NJsonSchema.NewtonsoftJson": "11.6.1",
          "NJsonSchema.Yaml": "11.6.1",
          "NSwag.Annotations": "14.7.1",
          "NSwag.Core.Yaml": "14.7.1",
          "NSwag.Generation.AspNetCore": "14.7.1",
          "Namotion.Reflection": "3.5.0",
          "Newtonsoft.Json": "13.0.3"
        }
      },
      "NSwag.Core": {
        "type": "Transitive",
        "resolved": "14.7.1",
        "contentHash": "iwwAeMZ3kugAKCokuOdHzKK/OHdp19vUP/B32CJO10HHzVgC+O4M7HXtHuDf9tloC3OEJ2wkUV4/cYrX4Mr98g==",
        "dependencies": {
          "NJsonSchema": "11.6.1",
          "Namotion.Reflection": "3.5.0",
          "Newtonsoft.Json": "13.0.3"
        }
      },
      "NSwag.Core.Yaml": {
        "type": "Transitive",
        "resolved": "14.7.1",
        "contentHash": "C6nkmDBI/Ps54kilnIgq3S9KQnj4IWvncD4xyYolukueqNSTH8gLgPleff0XAgVWZEvFSIKKSTD4q6rxrpkp2w==",
        "dependencies": {
          "NJsonSchema": "11.6.1",
          "NJsonSchema.Yaml": "11.6.1",
          "NSwag.Core": "14.7.1",
          "Namotion.Reflection": "3.5.0",
          "Newtonsoft.Json": "13.0.3"
        }
      },
      "NSwag.Generation": {
        "type": "Transitive",
        "resolved": "14.7.1",
        "contentHash": "+c7KhqBYoDkuEwuzkTG2FYYX6IuBRsXhOVuzO4QcFCwLXqNIzN1v+zAAdNjpd751I8jurpIes4Y7FoFuei/Uag==",
        "dependencies": {
          "NJsonSchema": "11.6.1",
          "NJsonSchema.NewtonsoftJson": "11.6.1",
          "NSwag.Core": "14.7.1",
          "Namotion.Reflection": "3.5.0",
          "Newtonsoft.Json": "13.0.3"
        }
      },
      "NSwag.Generation.AspNetCore": {
        "type": "Transitive",
        "resolved": "14.7.1",
        "contentHash": "nd1DXN9SwnzdJKtR+EqXHGE6cbkbKjo3AViwpGIBurrLEnYevC8vqkRSKdfhuHViSsihqWXF+Q9rR19yyNFiOA==",
        "dependencies": {
          "NJsonSchema": "11.6.1",
          "NJsonSchema.NewtonsoftJson": "11.6.1",
          "NSwag.Generation": "14.7.1",
          "Namotion.Reflection": "3.5.0",
          "Newtonsoft.Json": "13.0.3"
        }
      },
      "Pipelines.Sockets.Unofficial": {
        "type": "Transitive",
        "resolved": "2.2.8",
        "contentHash": "zG2FApP5zxSx6OcdJQLbZDk2AVlN2BNQD6MorwIfV6gVj0RRxWPEp2LXAxqDGZqeNV1Zp0BNPcNaey/GXmTdvQ=="
      },
      "RBush.Signed": {
        "type": "Transitive",
        "resolved": "4.0.0",
        "contentHash": "aP5KQxL5RnFNGW1f0euYVBfCatkLw5iEzMRJcXKq8LWWP4Cp3+qoSq1tDDL2vvJ2rM0ychmVMa2VaEKLS6uX4w=="
      },
      "RestEase": {
        "type": "Transitive",
        "resolved": "1.6.4",
        "contentHash": "nB8+vzkQLBgZyAm3fNcFYr0GV8TLhvnz8LpERR6K51Vv/wZ0kopU4nFEKTilt3uBn/PYYksthUVnj7GZlTo+pQ==",
        "dependencies": {
          "Newtonsoft.Json": "13.0.1"
        }
      },
      "SharpZipLib": {
        "type": "Transitive",
        "resolved": "1.4.2",
        "contentHash": "yjj+3zgz8zgXpiiC3ZdF/iyTBbz2fFvMxZFEBPUcwZjIvXOf37Ylm+K58hqMfIBt5JgU/Z2uoUS67JmTLe973A=="
      },
      "SixLabors.Fonts": {
        "type": "Transitive",
        "resolved": "1.0.0",
        "contentHash": "LFQsCZlV0xlUyXAOMUo5kkSl+8zAQXXbbdwWchtk0B4o7zotZhQsQOcJUELGHdfPfm/xDAsz6hONAuV25bJaAg=="
      },
      "SonarAnalyzer.CSharp": {
        "type": "Transitive",
        "resolved": "9.32.0.97167",
        "contentHash": "Yxk86RV+8ynJpUhku1Yw2hITFmnmXKkXJ73cIFSy85ol5SnWREQg9RuTyV8nI7V7+pyLKpCfRmD7P0widsgjkg=="
      },
      "SSH.NET": {
        "type": "Transitive",
        "resolved": "2025.1.0",
        "contentHash": "jrnbtf0ItVaXAe6jE8X/kSLa6uC+0C+7W1vepcnRQB/rD88qy4IxG7Lf1FIbWmkoc4iVXv0pKrz+Wc6J4ngmHw==",
        "dependencies": {
          "BouncyCastle.Cryptography": "2.6.2"
        }
      },
      "StackExchange.Redis": {
        "type": "Transitive",
        "resolved": "2.7.27",
        "contentHash": "Uqc2OQHglqj9/FfGQ6RkKFkZfHySfZlfmbCl+hc+u2I/IqunfelQ7QJi7ZhvAJxUtu80pildVX6NPLdDaUffOw==",
        "dependencies": {
          "Pipelines.Sockets.Unofficial": "2.2.8"
        }
      },
      "Stef.Validation": {
        "type": "Transitive",
        "resolved": "0.3.0",
        "contentHash": "OfzmxQMK4eBzmobph43p1NsLTgVAC3XGTcvQS0odhsdL6uS7UsFzBMK6S9mAfIijZdLW4q98aZ3dtTOeTaQo6Q=="
      },
      "StyleCop.Analyzers.Unstable": {
        "type": "Transitive",
        "resolved": "1.2.0.556",
        "contentHash": "zvn9Mqs/ox/83cpYPignI8hJEM2A93s2HkHs8HYMOAQW0PkampyoErAiIyKxgTLqbbad29HX/shv/6LGSjPJNQ=="
      },
      "System.ClientModel": {
        "type": "Transitive",
        "resolved": "1.0.0",
        "contentHash": "I3CVkvxeqFYjIVEP59DnjbeoGNfo/+SZrCLpRz2v/g0gpCHaEMPtWSY0s9k/7jR1rAsLNg2z2u1JRB76tPjnIw==",
        "dependencies": {
          "System.Memory.Data": "1.0.2"
        }
      },
      "System.CodeDom": {
        "type": "Transitive",
        "resolved": "6.0.0",
        "contentHash": "CPc6tWO1LAer3IzfZufDBRL+UZQcj5uS207NHALQzP84Vp/z6wF0Aa0YZImOQY8iStY0A2zI/e3ihKNPfUm8XA=="
      },
      "System.ComponentModel.Annotations": {
        "type": "Transitive",
        "resolved": "4.4.0",
        "contentHash": "29K3DQ+IGU7LBaMjTo7SI7T7X/tsMtLvz1p56LJ556Iu0Dw3pKZw5g8yCYCWMRxrOF0Hr0FU0FwW0o42y2sb3A=="
      },
      "System.Configuration.ConfigurationManager": {
        "type": "Transitive",
        "resolved": "9.0.13",
        "contentHash": "GbBrJq9S/gYpHzm7Pxx6Y5tDyfSfyxW6tlP5oiKJV38uf19Wp+GIIAnWfyL1zmNiz1+EjwVapw2WkBFvvqKQzg==",
        "dependencies": {
          "System.Security.Cryptography.ProtectedData": "9.0.13"
        }
      },
      "System.Diagnostics.PerformanceCounter": {
        "type": "Transitive",
        "resolved": "6.0.0",
        "contentHash": "gbeE5tNp/oB7O8kTTLh3wPPJCxpNOphXPTWVs1BsYuFOYapFijWuh0LYw1qnDo4gwDUYPXOmpTIhvtxisGsYOQ==",
        "dependencies": {
          "System.Configuration.ConfigurationManager": "6.0.0"
        }
      },
      "System.IdentityModel.Tokens.Jwt": {
        "type": "Transitive",
        "resolved": "8.16.0",
        "contentHash": "rrs2u7DRMXQG2yh0oVyF/vLwosfRv20Ld2iEpYcKwQWXHjfV+gFXNQsQ9p008kR9Ou4pxBs68Q6/9zC8Gi1wjg==",
        "dependencies": {
          "Microsoft.IdentityModel.JsonWebTokens": "8.16.0",
          "Microsoft.IdentityModel.Tokens": "8.16.0"
        }
      },
      "System.IO.FileSystem.AccessControl": {
        "type": "Transitive",
        "resolved": "4.7.0",
        "contentHash": "vMToiarpU81LR1/KZtnT7VDPvqAZfw9oOS5nY6pPP78nGYz3COLsQH3OfzbR+SjTgltd31R6KmKklz/zDpTmzw=="
      },
      "System.IO.Packaging": {
        "type": "Transitive",
        "resolved": "8.0.1",
        "contentHash": "KYkIOAvPexQOLDxPO2g0BVoWInnQhPpkFzRqvNrNrMhVT6kqhVr0zEb6KCHlptLFukxnZrjuMVAnxK7pOGUYrw=="
      },
      "System.Management": {
        "type": "Transitive",
        "resolved": "6.0.1",
        "contentHash": "10J1D0h/lioojphfJ4Fuh5ZUThT/xOVHdV9roGBittKKNP2PMjrvibEdbVTGZcPra1399Ja3tqIJLyQrc5Wmhg==",
        "dependencies": {
          "System.CodeDom": "6.0.0"
        }
      },
      "System.Memory.Data": {
        "type": "Transitive",
        "resolved": "1.0.2",
        "contentHash": "JGkzeqgBsiZwKJZ1IxPNsDFZDhUvuEdX8L8BDC8N3KOj+6zMcNU28CNN59TpZE/VJYy9cP+5M+sbxtWJx3/xtw=="
      },
      "System.Security.Cryptography.Pkcs": {
        "type": "Transitive",
        "resolved": "9.0.13",
        "contentHash": "dxJhkuoaelvWy588wPXjShNks+ZMiSgXnN75/u+DPbER5PqKrLPDftE0BvGM7nDK/scQAVlD+gRXlCAAjWi58Q=="
      },
      "System.Security.Cryptography.ProtectedData": {
        "type": "Transitive",
        "resolved": "9.0.13",
        "contentHash": "t8S9IDpjJKsLpLkeBdW8cWtcPyYqrGu93Dej1RO6WwuL/lkFSqWlan3rMJfortqz1mRIh+sys2AFsSA6jWJ3Jg=="
      },
      "Testcontainers": {
        "type": "Transitive",
        "resolved": "4.13.0",
        "contentHash": "j8vi9jPBNSwaraGGx8w+2gtZyWrlbKxdhiGMS3nektg+KiwjFWx9ghCjs57EoQfvI+IAbzti0oQJupQChwgMog==",
        "dependencies": {
          "Docker.DotNet.Enhanced": "4.3.3",
          "Docker.DotNet.Enhanced.X509": "4.3.3",
          "SSH.NET": "2025.1.0",
          "SharpZipLib": "1.4.2"
        }
      },
      "WireMock.Net.Abstractions": {
        "type": "Transitive",
        "resolved": "2.12.0",
        "contentHash": "NwzLePd/Xwx2zvZvd87SbAHqLRBJHwj9aDot6HTX75dMsuBFa0nP/lkePYH1wXjo2dRUSqb62r5t6zTanwYV2g=="
      },
      "WireMock.Net.RestClient": {
        "type": "Transitive",
        "resolved": "2.12.0",
        "contentHash": "59jVXwUhUy4vOS28GOrmDXInrx24xrXB7uC9s8UcLUC1RuMYp1GpKfDl7nHqzGuBjFLWKFGhf6B1w2jBF17FKw==",
        "dependencies": {
          "JsonConverter.Newtonsoft.Json": "0.13.0",
          "RestEase": "1.6.4",
          "Stef.Validation": "0.3.0",
          "WireMock.Net.Abstractions": "2.12.0"
        }
      },
      "xunit.v3.common": {
        "type": "Transitive",
        "resolved": "3.2.2",
        "contentHash": "Hj775PEH6GTbbg0wfKRvG2hNspDCvTH9irXhH4qIWgdrOSV1sQlqPie+DOvFeigsFg2fxSM3ZAaaCDQs+KreFA==",
        "dependencies": {
          "Microsoft.Bcl.AsyncInterfaces": "6.0.0"
        }
      },
      "xunit.v3.extensibility.core": {
        "type": "Transitive",
        "resolved": "3.2.2",
        "contentHash": "srY8z/oMPvh/t8axtO2DwrHajhFMH7tnqKildvYrVQIfICi8fOn3yIBWkVPAcrKmHMwvXRJ/XsQM3VMR6DOYfQ==",
        "dependencies": {
          "xunit.v3.common": "[3.2.2]"
        }
      },
      "YamlDotNet": {
        "type": "Transitive",
        "resolved": "16.3.0",
        "contentHash": "SgMOdxbz8X65z8hraIs6hOEdnkH6hESTAIUa7viEngHOYaH+6q5XJmwr1+yb9vJpNQ19hCQY69xbFsLtXpobQA=="
      },
      "csag.blueprint.application": {
        "type": "Project",
        "dependencies": {
          "Csag.Blueprint.Domain": "[0.1.0, )",
          "Microsoft.EntityFrameworkCore": "[10.0.9, )"
        }
      },
      "csag.blueprint.domain": {
        "type": "Project",
        "dependencies": {
          "Microsoft.AspNetCore.Identity.EntityFrameworkCore": "[10.0.9, )"
        }
      },
      "csag.blueprint.infrastructure": {
        "type": "Project",
        "dependencies": {
          "Csag.Blueprint.Application": "[0.1.0, )",
          "Csag.Blueprint.Domain": "[0.1.0, )",
          "Microsoft.AspNetCore.DataProtection.EntityFrameworkCore": "[10.0.9, )",
          "Microsoft.EntityFrameworkCore": "[10.0.9, )",
          "Microsoft.EntityFrameworkCore.SqlServer": "[10.0.9, )",
          "Neolution.Extensions.Caching.Distributed": "[3.0.0-vnext0017, )"
        }
      },
      "csag.blueprint.web": {
        "type": "Project",
        "dependencies": {
          "Audit.EntityFramework.Core": "[32.2.0, )",
          "Audit.NET": "[32.2.0, )",
          "Audit.NET.SqlServer": "[32.2.0, )",
          "ClosedXML": "[0.105.0, )",
          "Csag.Blueprint.Infrastructure": "[0.1.0, )",
          "FastEndpoints": "[8.2.0, )",
          "FastEndpoints.Swagger": "[8.2.0, )",
          "FluentValidation": "[12.1.1, )",
          "Microsoft.ApplicationInsights.AspNetCore": "[2.23.0, )",
          "Microsoft.ApplicationInsights.NLogTarget": "[2.23.0, )",
          "Microsoft.AspNetCore.Authentication.Google": "[10.0.9, )",
          "Microsoft.Data.SqlClient": "[7.0.1, )",
          "Microsoft.Extensions.Caching.SqlServer": "[10.0.9, )",
          "Microsoft.Extensions.Caching.StackExchangeRedis": "[10.0.9, )",
          "NLog.Web.AspNetCore": "[6.1.4, )",
          "Neolution.Extensions.Caching.Distributed": "[3.0.0-vnext0017, )",
          "Neolution.Extensions.Configuration.GoogleSecrets": "[1.6.0, )"
        }
      },
      "Audit.EntityFramework.Core": {
        "type": "CentralTransitive",
        "requested": "[32.2.0, )",
        "resolved": "32.2.0",
        "contentHash": "lOGfqLTj8aRKUBUfPSJolYeXVZuCud3yg3Iq96EX/BZg0Y8gmpmcljqYQW7YxTl4ONBDpqz0kVYNq3piGWJ9zQ==",
        "dependencies": {
          "Audit.EntityFramework.Abstractions": "32.2.0",
          "Audit.NET": "32.2.0",
          "Microsoft.EntityFrameworkCore": "10.0.0",
          "Microsoft.EntityFrameworkCore.Relational": "10.0.0"
        }
      },
      "Audit.NET": {
        "type": "CentralTransitive",
        "requested": "[32.2.0, )",
        "resolved": "32.2.0",
        "contentHash": "aCwGlUyaHGmItxJ+ZUl5++8M4xu7WYvpWo0kCCBX01rc9bhe4TMgb8QoBHOiNOaHYLAi2NNGO5ikDW48qlz8KQ=="
      },
      "Audit.NET.SqlServer": {
        "type": "CentralTransitive",
        "requested": "[32.2.0, )",
        "resolved": "32.2.0",
        "contentHash": "ooHSSoQO6SkbJyp7tEgrcsFZOWg7QAnBsUn/27XkLiMnzTrR3wv4yQSzhHNhIFMOB7FrhLoq/cR1laIPSp6a4Q==",
        "dependencies": {
          "Audit.NET": "32.2.0",
          "Microsoft.Data.SqlClient": "5.2.2",
          "Microsoft.EntityFrameworkCore": "9.0.0",
          "Microsoft.EntityFrameworkCore.SqlServer": "9.0.0"
        }
      },
      "ClosedXML": {
        "type": "CentralTransitive",
        "requested": "[0.105.0, )",
        "resolved": "0.105.0",
        "contentHash": "U0hAdnYyPvF7TqHMFloxrS7pmozab79tFFF4c/bgPtqeelUs7ILpUd3r3c7C0a/DXsUZb3k1n4Pf7Q2LMyMQOg==",
        "dependencies": {
          "ClosedXML.Parser": "2.0.0",
          "DocumentFormat.OpenXml": "[3.1.1, 4.0.0)",
          "ExcelNumberFormat": "1.1.0",
          "RBush.Signed": "4.0.0",
          "SixLabors.Fonts": "1.0.0"
        }
      },
      "FastEndpoints": {
        "type": "CentralTransitive",
        "requested": "[8.2.0, )",
        "resolved": "8.2.0",
        "contentHash": "NfsC7v8YDmZtBjWYs88+ef1/vnL+qGcw8FigGyNzJD8IVAG9ZSmtIKyLJu95BZjfAMwcGcjo+3qXsyC9L7SLlA==",
        "dependencies": {
          "FastEndpoints.Attributes": "8.2.0",
          "FastEndpoints.JobQueues": "8.2.0",
          "FastEndpoints.Messaging": "8.2.0",
          "FluentValidation": "12.1.1"
        }
      },
      "FastEndpoints.Swagger": {
        "type": "CentralTransitive",
        "requested": "[8.2.0, )",
        "resolved": "8.2.0",
        "contentHash": "iWJ4BKY186ejHKPmnIA/sda4umJukLYiWeky5mAJ/EuZLaGeoyAo27gilOrfhS/29equhLqIn6Sy71GgF8Fm8Q==",
        "dependencies": {
          "FastEndpoints": "8.2.0",
          "NSwag.AspNetCore": "14.7.1"
        }
      },
      "FluentValidation": {
        "type": "CentralTransitive",
        "requested": "[12.1.1, )",
        "resolved": "12.1.1",
        "contentHash": "EPpkIe1yh1a0OXyC100oOA8WMbZvqUu5plwhvYcb7oSELfyUZzfxV48BLhvs3kKo4NwG7MGLNgy1RJiYtT8Dpw=="
      },
      "Microsoft.ApplicationInsights.AspNetCore": {
        "type": "CentralTransitive",
        "requested": "[2.23.0, )",
        "resolved": "2.23.0",
        "contentHash": "we/RsIn0Mwf/4ZNGXZixJ0lVD3pqjx2yVeKfqJybgYY/Lib8nnf+8YGJp+ULN3kOk39I0pI/7ZnF9LFy6hS3lw==",
        "dependencies": {
          "Microsoft.ApplicationInsights": "2.23.0",
          "Microsoft.ApplicationInsights.DependencyCollector": "2.23.0",
          "Microsoft.ApplicationInsights.EventCounterCollector": "2.23.0",
          "Microsoft.ApplicationInsights.PerfCounterCollector": "2.23.0",
          "Microsoft.ApplicationInsights.WindowsServer": "2.23.0",
          "Microsoft.ApplicationInsights.WindowsServer.TelemetryChannel": "2.23.0",
          "Microsoft.Extensions.Logging.ApplicationInsights": "2.23.0"
        }
      },
      "Microsoft.ApplicationInsights.NLogTarget": {
        "type": "CentralTransitive",
        "requested": "[2.23.0, )",
        "resolved": "2.23.0",
        "contentHash": "rjUqSw8SLCB7timNT/Brz92mumWv4audq2diIj67xKibdcK93kh+QaMj/G+OiNrsqfi2K+0CxmIZCALTi19Obg==",
        "dependencies": {
          "Microsoft.ApplicationInsights": "2.23.0",
          "NLog": "4.5.11"
        }
      },
      "Microsoft.AspNetCore.Authentication.Google": {
        "type": "CentralTransitive",
        "requested": "[10.0.9, )",
        "resolved": "10.0.9",
        "contentHash": "xqjTc8/ap0dwKmdaqSlV8RxjXb02uQ8rynDtTuHRU2gmOYaNm6O+uUjobp4Ararzq0ndKNXiWnQErxjWEGFGiA=="
      },
      "Microsoft.AspNetCore.DataProtection.EntityFrameworkCore": {
        "type": "CentralTransitive",
        "requested": "[10.0.9, )",
        "resolved": "10.0.9",
        "contentHash": "RVbqubLZLstduJDSNV9syFOdKhzUAtgtLlKDtgdccD0oPDTr4ii6XyEuKS3pxE1erFKLsxGwaXbBLgd5IHnT2A==",
        "dependencies": {
          "Microsoft.EntityFrameworkCore": "10.0.9"
        }
      },
      "Microsoft.AspNetCore.Identity.EntityFrameworkCore": {
        "type": "CentralTransitive",
        "requested": "[10.0.9, )",
        "resolved": "10.0.9",
        "contentHash": "5yHCQ6fDsOKJTCyXCHb7Q4KFPrlTF5k+u5unV7GXI89NJkvgk6nXr6jGxdBi003Sx8MzTjZGpjABLmpOZ2Pg1A==",
        "dependencies": {
          "Microsoft.EntityFrameworkCore.Relational": "10.0.9"
        }
      },
      "Microsoft.EntityFrameworkCore.SqlServer": {
        "type": "CentralTransitive",
        "requested": "[10.0.9, )",
        "resolved": "10.0.9",
        "contentHash": "wjgpB/UFSeMU3uMfMzD4so567vJi5UugE6iTcONBx+rPb/PWpjYlzYKyxm2pGAFNpTFNbqoirtt7uUCc97Tfiw==",
        "dependencies": {
          "Microsoft.Data.SqlClient": "6.1.1",
          "Microsoft.EntityFrameworkCore.Relational": "10.0.9"
        }
      },
      "Microsoft.Extensions.Caching.SqlServer": {
        "type": "CentralTransitive",
        "requested": "[10.0.9, )",
        "resolved": "10.0.9",
        "contentHash": "gDHS2wywgiSeUKlRjy26NGWVBbb2p4t2Jz7JF62T2tYMg76MT+Pa0EJ/RFlx64yb8NrqXIC9fF7Vt/tpWdqIhA==",
        "dependencies": {
          "Azure.Identity": "1.11.4",
          "Microsoft.Data.SqlClient": "5.2.2"
        }
      },
      "Microsoft.Extensions.Caching.StackExchangeRedis": {
        "type": "CentralTransitive",
        "requested": "[10.0.9, )",
        "resolved": "10.0.9",
        "contentHash": "PkscI6VZkG+dVvKSPoR8eq/l3zl1ONPio4286+rvB/hVh2a50Du7w9jqbTWknggKobb+WnODdd4RZzSVY4Ir5g==",
        "dependencies": {
          "StackExchange.Redis": "2.7.27"
        }
      },
      "Neolution.Extensions.Caching.Distributed": {
        "type": "CentralTransitive",
        "requested": "[3.0.0-vnext0017, )",
        "resolved": "3.0.0-vnext0017",
        "contentHash": "Nic1H9YjoILmEDZ8qvovEv03h6ZpFAcTXn/JaG9/JBeEb14X0UUAj+HyngFXPuiwQwjxLt49h+uySi80Dri3PQ==",
        "dependencies": {
          "Foundatio.MessagePack": "12.0.0",
          "Neolution.Extensions.Caching.Abstractions": "3.0.0-vnext0017"
        }
      },
      "Neolution.Extensions.Configuration.GoogleSecrets": {
        "type": "CentralTransitive",
        "requested": "[1.6.0, )",
        "resolved": "1.6.0",
        "contentHash": "JGVF3tsuL+IgRfs1ak0PnGPrHydbrT3zkkscR7peJlCYUJrbIHVjuFoe0u0RgWJ9655zPnKs9QvMr+TL0n1PiQ==",
        "dependencies": {
          "Google.Cloud.SecretManager.V1": "2.1.0"
        }
      },
      "NLog.Web.AspNetCore": {
        "type": "CentralTransitive",
        "requested": "[6.1.4, )",
        "resolved": "6.1.4",
        "contentHash": "kM79afVMCJx5Nb3nyponqOTKPjFNVKNzCPCyMKJXRVUv+BLOCjFGpAzMfriO8u0skc3kZwLUY2ZJUb5SGNZ9Ug==",
        "dependencies": {
          "NLog.Extensions.Logging": "6.1.4"
        }
      }
    }
  }
}