{
  "version": 2,
  "dependencies": {
    "net10.0": {
      "Microsoft.AspNetCore.DataProtection.EntityFrameworkCore": {
        "type": "Direct",
        "requested": "[10.0.9, )",
        "resolved": "10.0.9",
        "contentHash": "RVbqubLZLstduJDSNV9syFOdKhzUAtgtLlKDtgdccD0oPDTr4ii6XyEuKS3pxE1erFKLsxGwaXbBLgd5IHnT2A==",
        "dependencies": {
          "Microsoft.EntityFrameworkCore": "10.0.9"
        }
      },
      "Microsoft.EntityFrameworkCore": {
        "type": "Direct",
        "requested": "[10.0.9, )",
        "resolved": "10.0.9",
        "contentHash": "tu85SRzOT021V7EQlViCiAE7TqldVn469Y6lt5TEn/+XC4/MeNCHgMRSxqYuWqvF4zAQZUhCmtNEZuM3ss4LeA==",
        "dependencies": {
          "Microsoft.EntityFrameworkCore.Abstractions": "10.0.9",
          "Microsoft.EntityFrameworkCore.Analyzers": "10.0.9"
        }
      },
      "Microsoft.EntityFrameworkCore.SqlServer": {
        "type": "Direct",
        "requested": "[10.0.9, )",
        "resolved": "10.0.9",
        "contentHash": "wjgpB/UFSeMU3uMfMzD4so567vJi5UugE6iTcONBx+rPb/PWpjYlzYKyxm2pGAFNpTFNbqoirtt7uUCc97Tfiw==",
        "dependencies": {
          "Microsoft.Data.SqlClient": "6.1.1",
          "Microsoft.EntityFrameworkCore.Relational": "10.0.9"
        }
      },
      "Neolution.CodeAnalysis": {
        "type": "Direct",
        "requested": "[3.3.0-beta.2, )",
        "resolved": "3.3.0-beta.2",
        "contentHash": "88mG4f4P16K4Ql3uTqeaoeXGJLNMReFh9z3ZKmKZ0bY4RTk4z4syjuF/TefouGM2hR+mcBSdWbAtsKT/+FowlA==",
        "dependencies": {
          "SonarAnalyzer.CSharp": "9.32.0.97167",
          "StyleCop.Analyzers.Unstable": "1.2.0.556"
        }
      },
      "Neolution.Extensions.Caching.Distributed": {
        "type": "Direct",
        "requested": "[3.0.0-vnext0017, )",
        "resolved": "3.0.0-vnext0017",
        "contentHash": "Nic1H9YjoILmEDZ8qvovEv03h6ZpFAcTXn/JaG9/JBeEb14X0UUAj+HyngFXPuiwQwjxLt49h+uySi80Dri3PQ==",
        "dependencies": {
          "Foundatio.MessagePack": "12.0.0",
          "Neolution.Extensions.Caching.Abstractions": "3.0.0-vnext0017"
        }
      },
      "Foundatio": {
        "type": "Transitive",
        "resolved": "12.0.0",
        "contentHash": "XVvlYLJqT6NPGcZOQCmJOtHC5KI7B1u7wcgGhp6q0SAZzUZHnZBJ4jvpodIFgh1pyFnLk8flzwvXwSp+ECHdTA==",
        "dependencies": {
          "Microsoft.Bcl.AsyncInterfaces": "8.0.0",
          "Microsoft.Bcl.TimeProvider": "8.0.0"
        }
      },
      "Foundatio.MessagePack": {
        "type": "Transitive",
        "resolved": "12.0.0",
        "contentHash": "51/svJj02c9SloUnwlZGyVyda84KK8GCoj7uhauhggSC2Afn7GEglpjcsd31qPl+PPkQSNTo8crbyvtNIRX/gw==",
        "dependencies": {
          "Foundatio": "12.0.0",
          "MessagePack": "3.1.4"
        }
      },
      "MessagePack": {
        "type": "Transitive",
        "resolved": "3.1.4",
        "contentHash": "BH0wlHWmVoZpbAPyyt2Awbq30C+ZsS3eHSkYdnyUAbqVJ22fAJDzn2xTieBeoT5QlcBzp61vHcv878YJGfi3mg==",
        "dependencies": {
          "MessagePack.Annotations": "3.1.4",
          "MessagePackAnalyzer": "3.1.4",
          "Microsoft.NET.StringTools": "17.11.4"
        }
      },
      "MessagePack.Annotations": {
        "type": "Transitive",
        "resolved": "3.1.4",
        "contentHash": "aVWrDAkCdqxwQsz/q0ldPh2EFn48M99YUzE9OvZjMq2RNLKz4o2z88iGFvSvbMqOWRweRvKPHBJZe22PRqzslQ=="
      },
      "MessagePackAnalyzer": {
        "type": "Transitive",
        "resolved": "3.1.4",
        "contentHash": "CTaSsN/liJ7MhLCAB7Z4ZLBNuVGCq9lt2BT/cbrc9vzGv89yK3CqIA+z9T19a11eQYl9etZHL6MQJgCqECRVpg=="
      },
      "Microsoft.Bcl.AsyncInterfaces": {
        "type": "Transitive",
        "resolved": "8.0.0",
        "contentHash": "3WA9q9yVqJp222P3x1wYIGDAkpjAku0TMUaaQV22g6L67AI0LdOIrVS7Ht2vJfLHGSPVuqN94vIr15qn+HEkHw=="
      },
      "Microsoft.Bcl.Cryptography": {
        "type": "Transitive",
        "resolved": "9.0.13",
        "contentHash": "5T+bH3Lb1nEe8Hf/ixMxLmhlrx5wRi53wv7OhVwG2F1ZviW1ejFRS1NHur3uqPpJRGtkQwUchtY6zhVK2R+v+w=="
      },
      "Microsoft.Bcl.TimeProvider": {
        "type": "Transitive",
        "resolved": "8.0.0",
        "contentHash": "f5Kr5JepAbiGo7uDmhgvMqhntwxqXNn6/IpTBSSI4cuHhgnJGrLxFRhMjVpRkLPp6zJXO0/G0l3j9p9zSJxa+w=="
      },
      "Microsoft.Data.SqlClient.Extensions.Abstractions": {
        "type": "Transitive",
        "resolved": "7.0.2",
        "contentHash": "Zx7z61fG2Nc6LdDn4jA7b5Aj1ABrljkOPRE31RvVUdjF6IgbG60leDUhMCafsnWFgaheiK3iqpLe+kbf5Z5L8Q==",
        "dependencies": {
          "Microsoft.Data.SqlClient.Internal.Logging": "[7.0.2, 8.0.0)"
        }
      },
      "Microsoft.Data.SqlClient.Internal.Logging": {
        "type": "Transitive",
        "resolved": "7.0.2",
        "contentHash": "iqgYBbGSVy/DIYWjzmQOa964Kn4rs4wW5vg2IamqVK0fQqfTiILVR5hMK27XWqoyONtAZs+VxH354cPJBtSnbg=="
      },
      "Microsoft.Data.SqlClient.SNI.runtime": {
        "type": "Transitive",
        "resolved": "6.0.2",
        "contentHash": "f+pRODTWX7Y67jXO3T5S2dIPZ9qMJNySjlZT/TKmWVNWe19N8jcWmHaqHnnchaq3gxEKv1SWVY5EFzOD06l41w=="
      },
      "Microsoft.EntityFrameworkCore.Abstractions": {
        "type": "Transitive",
        "resolved": "10.0.9",
        "contentHash": "GRMaiPkqYna/gCsyDffYDWmefGPC3hDrdMw+2rrGcQwhs6uZOsaMQXMJnoXQ35tx9SkBV2ieRRU9N/jLOO6BZw=="
      },
      "Microsoft.EntityFrameworkCore.Analyzers": {
        "type": "Transitive",
        "resolved": "10.0.9",
        "contentHash": "aiEFB+C5EsZGqxvMPazE07hbWsp4iPaufJpanGt5O+lrwv7mJLrqma5haVIgFAPCyhQkmk75XSCEubT1zUjxtA=="
      },
      "Microsoft.EntityFrameworkCore.Relational": {
        "type": "Transitive",
        "resolved": "10.0.9",
        "contentHash": "dEoyYKgiaZHHgOFm1WMWm1sFEsEuhPWufX4L9PekKtqd/RaIcPjkCjvbrVvJtApErb5wPSJhYvnTlxhH+p9h2g==",
        "dependencies": {
          "Microsoft.EntityFrameworkCore": "10.0.9"
        }
      },
      "Microsoft.IdentityModel.Abstractions": {
        "type": "Transitive",
        "resolved": "8.16.0",
        "contentHash": "gSxKLWRZzBpIsEoeUPkxfywNCCvRvl7hkq146XHPk5vOQc9izSf1I+uL1vh4y2U19QPxd9Z8K/8AdWyxYz2lSg=="
      },
      "Microsoft.IdentityModel.JsonWebTokens": {
        "type": "Transitive",
        "resolved": "8.16.0",
        "contentHash": "prBU72cIP4V8E9fhN+o/YdskTsLeIcnKPbhZf0X6mD7fdxoZqnS/NdEkSr+9Zp+2q7OZBOMfNBKGbTbhXODO4w==",
        "dependencies": {
          "Microsoft.IdentityModel.Tokens": "8.16.0"
        }
      },
      "Microsoft.IdentityModel.Logging": {
        "type": "Transitive",
        "resolved": "8.16.0",
        "contentHash": "MTzXmETkNQPACR7/XCXM1OGM6oU9RkyibqeJRtO9Ndew2LnGjMf9Atqj2VSf4XC27X0FQycUAlzxxEgQMWn2xQ==",
        "dependencies": {
          "Microsoft.IdentityModel.Abstractions": "8.16.0"
        }
      },
      "Microsoft.IdentityModel.Protocols": {
        "type": "Transitive",
        "resolved": "8.16.0",
        "contentHash": "UFrU7d46UTsPQTa2HIEIpB9H1uJe1BW9FLw5uhEJ2ZuKdur8bcUA/bO5caq5dlBt5gNJeRIB3QQXYNs5fCQCZA==",
        "dependencies": {
          "Microsoft.IdentityModel.Tokens": "8.16.0"
        }
      },
      "Microsoft.IdentityModel.Protocols.OpenIdConnect": {
        "type": "Transitive",
        "resolved": "8.16.0",
        "contentHash": "h4yVXyJsEBBX5lg2G5ftMsi5JzcNEGAzrNphA6DQ6eOd8P0s+cDCOyPwVTYLePZvJL5unbPvYIvzrbTXzFjXnQ==",
        "dependencies": {
          "Microsoft.IdentityModel.Protocols": "8.16.0",
          "System.IdentityModel.Tokens.Jwt": "8.16.0"
        }
      },
      "Microsoft.IdentityModel.Tokens": {
        "type": "Transitive",
        "resolved": "8.16.0",
        "contentHash": "rtViGJcGsN7WcfUNErwNeQgjuU5cJNl6FDQsfi9TncwO+Epzn0FTfBsg3YuFW1Q0Ch/KPxaVdjLw3/+5Z5ceFQ==",
        "dependencies": {
          "Microsoft.IdentityModel.Logging": "8.16.0"
        }
      },
      "Microsoft.NET.StringTools": {
        "type": "Transitive",
        "resolved": "17.11.4",
        "contentHash": "mudqUHhNpeqIdJoUx2YDWZO/I9uEDYVowan89R6wsomfnUJQk6HteoQTlNjZDixhT2B4IXMkMtgZtoceIjLRmA=="
      },
      "Microsoft.SqlServer.Server": {
        "type": "Transitive",
        "resolved": "1.0.0",
        "contentHash": "N4KeF3cpcm1PUHym1RmakkzfkEv3GRMyofVv40uXsQhCQeglr2OHNcUk2WOG51AKpGO8ynGpo9M/kFXSzghwug=="
      },
      "Neolution.Extensions.Caching.Abstractions": {
        "type": "Transitive",
        "resolved": "3.0.0-vnext0017",
        "contentHash": "vApIYAjepxuCHp8CqB0fPO7YHbZcLxSTfAbcZpcGkdltNmyMPWnRWtUiXpOKgdZU0WXea1ksKD1W2SMRHIM1kg=="
      },
      "SonarAnalyzer.CSharp": {
        "type": "Transitive",
        "resolved": "9.32.0.97167",
        "contentHash": "Yxk86RV+8ynJpUhku1Yw2hITFmnmXKkXJ73cIFSy85ol5SnWREQg9RuTyV8nI7V7+pyLKpCfRmD7P0widsgjkg=="
      },
      "StyleCop.Analyzers.Unstable": {
        "type": "Transitive",
        "resolved": "1.2.0.556",
        "contentHash": "zvn9Mqs/ox/83cpYPignI8hJEM2A93s2HkHs8HYMOAQW0PkampyoErAiIyKxgTLqbbad29HX/shv/6LGSjPJNQ=="
      },
      "System.Configuration.ConfigurationManager": {
        "type": "Transitive",
        "resolved": "9.0.13",
        "contentHash": "GbBrJq9S/gYpHzm7Pxx6Y5tDyfSfyxW6tlP5oiKJV38uf19Wp+GIIAnWfyL1zmNiz1+EjwVapw2WkBFvvqKQzg==",
        "dependencies": {
          "System.Security.Cryptography.ProtectedData": "9.0.13"
        }
      },
      "System.IdentityModel.Tokens.Jwt": {
        "type": "Transitive",
        "resolved": "8.16.0",
        "contentHash": "rrs2u7DRMXQG2yh0oVyF/vLwosfRv20Ld2iEpYcKwQWXHjfV+gFXNQsQ9p008kR9Ou4pxBs68Q6/9zC8Gi1wjg==",
        "dependencies": {
          "Microsoft.IdentityModel.JsonWebTokens": "8.16.0",
          "Microsoft.IdentityModel.Tokens": "8.16.0"
        }
      },
      "System.Security.Cryptography.Pkcs": {
        "type": "Transitive",
        "resolved": "9.0.13",
        "contentHash": "dxJhkuoaelvWy588wPXjShNks+ZMiSgXnN75/u+DPbER5PqKrLPDftE0BvGM7nDK/scQAVlD+gRXlCAAjWi58Q=="
      },
      "System.Security.Cryptography.ProtectedData": {
        "type": "Transitive",
        "resolved": "9.0.13",
        "contentHash": "t8S9IDpjJKsLpLkeBdW8cWtcPyYqrGu93Dej1RO6WwuL/lkFSqWlan3rMJfortqz1mRIh+sys2AFsSA6jWJ3Jg=="
      },
      "csag.blueprint.application": {
        "type": "Project",
        "dependencies": {
          "Csag.Blueprint.Domain": "[0.1.0, )",
          "Microsoft.EntityFrameworkCore": "[10.0.9, )"
        }
      },
      "csag.blueprint.domain": {
        "type": "Project",
        "dependencies": {
          "Microsoft.AspNetCore.Identity.EntityFrameworkCore": "[10.0.9, )"
        }
      },
      "Microsoft.AspNetCore.Identity.EntityFrameworkCore": {
        "type": "CentralTransitive",
        "requested": "[10.0.9, )",
        "resolved": "10.0.9",
        "contentHash": "5yHCQ6fDsOKJTCyXCHb7Q4KFPrlTF5k+u5unV7GXI89NJkvgk6nXr6jGxdBi003Sx8MzTjZGpjABLmpOZ2Pg1A==",
        "dependencies": {
          "Microsoft.EntityFrameworkCore.Relational": "10.0.9"
        }
      },
      "Microsoft.Data.SqlClient": {
        "type": "CentralTransitive",
        "requested": "[7.0.2, )",
        "resolved": "7.0.2",
        "contentHash": "zwv76lANFQQI6Gmp6ntkzMWIWVqm8Wf4Mz00AeGCk1n8HCi5afi6bNynSe18uI0xeL0n6J+Myjk9AiIsL5oSqw==",
        "dependencies": {
          "Microsoft.Bcl.Cryptography": "9.0.13",
          "Microsoft.Data.SqlClient.Extensions.Abstractions": "[7.0.2, 8.0.0)",
          "Microsoft.Data.SqlClient.Internal.Logging": "[7.0.2, 8.0.0)",
          "Microsoft.Data.SqlClient.SNI.runtime": "[6.0.2, 7.0.0)",
          "Microsoft.IdentityModel.JsonWebTokens": "8.16.0",
          "Microsoft.IdentityModel.Protocols.OpenIdConnect": "8.16.0",
          "Microsoft.SqlServer.Server": "[1.0.0, 2.0.0)",
          "System.Configuration.ConfigurationManager": "9.0.13",
          "System.Security.Cryptography.Pkcs": "9.0.13"
        }
      }
    }
  }
}